{
  "name": "ayoayo-cli",
  "version": "1.0.0",
  "lockfileVersion": 1,
  "requires": true,
  "dependencies": {
    "@chidiwilliams/ayoayo": {
      "version": "0.2.0",
      "resolved": "https://registry.npmjs.org/@chidiwilliams/ayoayo/-/ayoayo-0.2.0.tgz",
      "integrity": "sha512-EOXiK1wIILVskZQDeAR5mQbWymgrcqJSH1vJq8Ox3V35TGB4yoWIFTHbpfY6HubJcge/0rbOvkHFpNE5RS64ug=="
    }
  }
}
